// !$*UTF8*$!
{
	archiveVersion = 1;
	classes = {
	};
	objectVersion = 56;
	objects = {

/* Begin PBXBuildFile section */
		66127CCF2A36147D002F0F44 /* ProfileViewController.swift in Sources */ = {isa = PBXBuildFile; fileRef = 66127CCE2A36147D002F0F44 /* ProfileViewController.swift */; };
		66127CD12A361605002F0F44 /* Assets.xcassets in Resources */ = {isa = PBXBuildFile; fileRef = 66127CD02A361605002F0F44 /* Assets.xcassets */; };
		66219D192A237C2B0065F7A6 /* ImagesListCell.swift in Sources */ = {isa = PBXBuildFile; fileRef = 66219D182A237C2B0065F7A6 /* ImagesListCell.swift */; };
		66219D1C2A23A4730065F7A6 /* DateFormatter.swift in Sources */ = {isa = PBXBuildFile; fileRef = 66219D1B2A23A4730065F7A6 /* DateFormatter.swift */; };
		66472D512A3742C700466F72 /* SingleImageViewController.swift in Sources */ = {isa = PBXBuildFile; fileRef = 66472D502A3742C700466F72 /* SingleImageViewController.swift */; };
		6665DF492A584085007959FE /* ProgressHUD in Frameworks */ = {isa = PBXBuildFile; productRef = 6665DF482A584085007959FE /* ProgressHUD */; };
		6665DF4B2A5873E2007959FE /* UIBlockingProgressHUD.swift in Sources */ = {isa = PBXBuildFile; fileRef = 6665DF4A2A5873E2007959FE /* UIBlockingProgressHUD.swift */; };
		668F83C62A5D9B0A004AA7BE /* Kingfisher in Frameworks */ = {isa = PBXBuildFile; productRef = 668F83C52A5D9B0A004AA7BE /* Kingfisher */; };
		66AE07FD2A4DD10800BA9F5C /* WebViewViewControllerDelegate.swift in Sources */ = {isa = PBXBuildFile; fileRef = 66AE07FC2A4DD10800BA9F5C /* WebViewViewControllerDelegate.swift */; };
		66B496182A6ECE0600CBA26A /* ImagesListCellDelegate.swift in Sources */ = {isa = PBXBuildFile; fileRef = 66B496172A6ECE0600CBA26A /* ImagesListCellDelegate.swift */; };
		66B6F2762A602ED400667D58 /* SwiftKeychainWrapper in Frameworks */ = {isa = PBXBuildFile; productRef = 66B6F2752A602ED400667D58 /* SwiftKeychainWrapper */; };
		66B6F2782A6051ED00667D58 /* TabBarController.swift in Sources */ = {isa = PBXBuildFile; fileRef = 66B6F2772A6051ED00667D58 /* TabBarController.swift */; };
		66C2ACFF2A4C7F4B00A42B5B /* Contacts.swift in Sources */ = {isa = PBXBuildFile; fileRef = 66C2ACFE2A4C7F4B00A42B5B /* Contacts.swift */; };
		66C2AD012A4C9D8100A42B5B /* AuthViewController.swift in Sources */ = {isa = PBXBuildFile; fileRef = 66C2AD002A4C9D8100A42B5B /* AuthViewController.swift */; };
		66C2AD052A4CB54C00A42B5B /* WebViewViewController.swift in Sources */ = {isa = PBXBuildFile; fileRef = 66C2AD042A4CB54C00A42B5B /* WebViewViewController.swift */; };
		66C4CA062A52FC38003F04FB /* SplashScreenViewController.swift in Sources */ = {isa = PBXBuildFile; fileRef = 66C4CA052A52FC38003F04FB /* SplashScreenViewController.swift */; };
		66C4CA082A530468003F04FB /* AuthViewControllerDelegate.swift in Sources */ = {isa = PBXBuildFile; fileRef = 66C4CA072A530468003F04FB /* AuthViewControllerDelegate.swift */; };
		66C75A332A6AB49800DBFF16 /* Photo.swift in Sources */ = {isa = PBXBuildFile; fileRef = 66C75A322A6AB49800DBFF16 /* Photo.swift */; };
		66C75A352A6AB4BD00DBFF16 /* ImagesListService.swift in Sources */ = {isa = PBXBuildFile; fileRef = 66C75A342A6AB4BD00DBFF16 /* ImagesListService.swift */; };
		66C93E752A5AE60F0096F7E9 /* ProfileService.swift in Sources */ = {isa = PBXBuildFile; fileRef = 66C93E742A5AE60F0096F7E9 /* ProfileService.swift */; };
		66C93E772A5AE9030096F7E9 /* ProfileResult.swift in Sources */ = {isa = PBXBuildFile; fileRef = 66C93E762A5AE9030096F7E9 /* ProfileResult.swift */; };
		66C93E792A5B12480096F7E9 /* ProfileImageService.swift in Sources */ = {isa = PBXBuildFile; fileRef = 66C93E782A5B12480096F7E9 /* ProfileImageService.swift */; };
		66DBA14E2A51B0E500534FF1 /* OAuthToken.swift in Sources */ = {isa = PBXBuildFile; fileRef = 66DBA14D2A51B0E500534FF1 /* OAuthToken.swift */; };
		66DBA1502A51B3A700534FF1 /* OAuth2Service.swift in Sources */ = {isa = PBXBuildFile; fileRef = 66DBA14F2A51B3A700534FF1 /* OAuth2Service.swift */; };
		66DBA1522A51C9B900534FF1 /* URlSession + URLRequest.swift in Sources */ = {isa = PBXBuildFile; fileRef = 66DBA1512A51C9B900534FF1 /* URlSession + URLRequest.swift */; };
		66DBA1542A51D4C900534FF1 /* OAuth2TokenStorage.swift in Sources */ = {isa = PBXBuildFile; fileRef = 66DBA1532A51D4C900534FF1 /* OAuth2TokenStorage.swift */; };
		66E4A2E12A5C6CB8002129F3 /* ErrorAlertService.swift in Sources */ = {isa = PBXBuildFile; fileRef = 66E4A2E02A5C6CB8002129F3 /* ErrorAlertService.swift */; };
		66E660522A20E24500EFD4C7 /* AppDelegate.swift in Sources */ = {isa = PBXBuildFile; fileRef = 66E660512A20E24500EFD4C7 /* AppDelegate.swift */; };
		66E660542A20E24500EFD4C7 /* SceneDelegate.swift in Sources */ = {isa = PBXBuildFile; fileRef = 66E660532A20E24500EFD4C7 /* SceneDelegate.swift */; };
		66E660562A20E24500EFD4C7 /* ImagesListViewController.swift in Sources */ = {isa = PBXBuildFile; fileRef = 66E660552A20E24500EFD4C7 /* ImagesListViewController.swift */; };
		66E660592A20E24500EFD4C7 /* Main.storyboard in Resources */ = {isa = PBXBuildFile; fileRef = 66E660572A20E24500EFD4C7 /* Main.storyboard */; };
		66E6605E2A20E24600EFD4C7 /* LaunchScreen.storyboard in Resources */ = {isa = PBXBuildFile; fileRef = 66E6605C2A20E24600EFD4C7 /* LaunchScreen.storyboard */; };
/* End PBXBuildFile section */

/* Begin PBXContainerItemProxy section */
		660DD2252A6D4F310064DC2A /* PBXContainerItemProxy */ = {
			isa = PBXContainerItemProxy;
			containerPortal = 66E660462A20E24500EFD4C7 /* Project object */;
			proxyType = 1;
			remoteGlobalIDString = 66E6604D2A20E24500EFD4C7;
			remoteInfo = ImageFeed;
		};
/* End PBXContainerItemProxy section */

/* Begin PBXFileReference section */
		660DD2212A6D4F310064DC2A /* ImageFeedTests.xctest */ = {isa = PBXFileReference; explicitFileType = wrapper.cfbundle; includeInIndex = 0; path = ImageFeedTests.xctest; sourceTree = BUILT_PRODUCTS_DIR; };
		66127CCE2A36147D002F0F44 /* ProfileViewController.swift */ = {isa = PBXFileReference; lastKnownFileType = sourcecode.swift; path = ProfileViewController.swift; sourceTree = "<group>"; };
		66127CD02A361605002F0F44 /* Assets.xcassets */ = {isa = PBXFileReference; lastKnownFileType = folder.assetcatalog; path = Assets.xcassets; sourceTree = "<group>"; };
		66219D182A237C2B0065F7A6 /* ImagesListCell.swift */ = {isa = PBXFileReference; lastKnownFileType = sourcecode.swift; path = ImagesListCell.swift; sourceTree = "<group>"; };
		66219D1B2A23A4730065F7A6 /* DateFormatter.swift */ = {isa = PBXFileReference; lastKnownFileType = sourcecode.swift; path = DateFormatter.swift; sourceTree = "<group>"; };
		66472D502A3742C700466F72 /* SingleImageViewController.swift */ = {isa = PBXFileReference; lastKnownFileType = sourcecode.swift; path = SingleImageViewController.swift; sourceTree = "<group>"; };
		6665DF4A2A5873E2007959FE /* UIBlockingProgressHUD.swift */ = {isa = PBXFileReference; lastKnownFileType = sourcecode.swift; path = UIBlockingProgressHUD.swift; sourceTree = "<group>"; };
		66AE07FC2A4DD10800BA9F5C /* WebViewViewControllerDelegate.swift */ = {isa = PBXFileReference; lastKnownFileType = sourcecode.swift; path = WebViewViewControllerDelegate.swift; sourceTree = "<group>"; };
		66B496172A6ECE0600CBA26A /* ImagesListCellDelegate.swift */ = {isa = PBXFileReference; lastKnownFileType = sourcecode.swift; path = ImagesListCellDelegate.swift; sourceTree = "<group>"; };
		66B6F2772A6051ED00667D58 /* TabBarController.swift */ = {isa = PBXFileReference; lastKnownFileType = sourcecode.swift; path = TabBarController.swift; sourceTree = "<group>"; };
		66C2ACFE2A4C7F4B00A42B5B /* Contacts.swift */ = {isa = PBXFileReference; lastKnownFileType = sourcecode.swift; path = Contacts.swift; sourceTree = "<group>"; };
		66C2AD002A4C9D8100A42B5B /* AuthViewController.swift */ = {isa = PBXFileReference; lastKnownFileType = sourcecode.swift; path = AuthViewController.swift; sourceTree = "<group>"; };
		66C2AD042A4CB54C00A42B5B /* WebViewViewController.swift */ = {isa = PBXFileReference; lastKnownFileType = sourcecode.swift; path = WebViewViewController.swift; sourceTree = "<group>"; };
		66C4CA052A52FC38003F04FB /* SplashScreenViewController.swift */ = {isa = PBXFileReference; lastKnownFileType = sourcecode.swift; path = SplashScreenViewController.swift; sourceTree = "<group>"; };
		66C4CA072A530468003F04FB /* AuthViewControllerDelegate.swift */ = {isa = PBXFileReference; lastKnownFileType = sourcecode.swift; path = AuthViewControllerDelegate.swift; sourceTree = "<group>"; };
		66C75A322A6AB49800DBFF16 /* Photo.swift */ = {isa = PBXFileReference; lastKnownFileType = sourcecode.swift; path = Photo.swift; sourceTree = "<group>"; };
		66C75A342A6AB4BD00DBFF16 /* ImagesListService.swift */ = {isa = PBXFileReference; lastKnownFileType = sourcecode.swift; path = ImagesListService.swift; sourceTree = "<group>"; };
		66C93E742A5AE60F0096F7E9 /* ProfileService.swift */ = {isa = PBXFileReference; lastKnownFileType = sourcecode.swift; path = ProfileService.swift; sourceTree = "<group>"; };
		66C93E762A5AE9030096F7E9 /* ProfileResult.swift */ = {isa = PBXFileReference; lastKnownFileType = sourcecode.swift; path = ProfileResult.swift; sourceTree = "<group>"; };
		66C93E782A5B12480096F7E9 /* ProfileImageService.swift */ = {isa = PBXFileReference; lastKnownFileType = sourcecode.swift; path = ProfileImageService.swift; sourceTree = "<group>"; };
		66DBA14D2A51B0E500534FF1 /* OAuthToken.swift */ = {isa = PBXFileReference; lastKnownFileType = sourcecode.swift; path = OAuthToken.swift; sourceTree = "<group>"; };
		66DBA14F2A51B3A700534FF1 /* OAuth2Service.swift */ = {isa = PBXFileReference; lastKnownFileType = sourcecode.swift; path = OAuth2Service.swift; sourceTree = "<group>"; };
		66DBA1512A51C9B900534FF1 /* URlSession + URLRequest.swift */ = {isa = PBXFileReference; lastKnownFileType = sourcecode.swift; path = "URlSession + URLRequest.swift"; sourceTree = "<group>"; };
		66DBA1532A51D4C900534FF1 /* OAuth2TokenStorage.swift */ = {isa = PBXFileReference; lastKnownFileType = sourcecode.swift; path = OAuth2TokenStorage.swift; sourceTree = "<group>"; };
		66E4A2E02A5C6CB8002129F3 /* ErrorAlertService.swift */ = {isa = PBXFileReference; lastKnownFileType = sourcecode.swift; path = ErrorAlertService.swift; sourceTree = "<group>"; };
		66E6604E2A20E24500EFD4C7 /* ImageFeed.app */ = {isa = PBXFileReference; explicitFileType = wrapper.application; includeInIndex = 0; path = ImageFeed.app; sourceTree = BUILT_PRODUCTS_DIR; };
		66E660512A20E24500EFD4C7 /* AppDelegate.swift */ = {isa = PBXFileReference; lastKnownFileType = sourcecode.swift; path = AppDelegate.swift; sourceTree = "<group>"; };
		66E660532A20E24500EFD4C7 /* SceneDelegate.swift */ = {isa = PBXFileReference; lastKnownFileType = sourcecode.swift; path = SceneDelegate.swift; sourceTree = "<group>"; };
		66E660552A20E24500EFD4C7 /* ImagesListViewController.swift */ = {isa = PBXFileReference; lastKnownFileType = sourcecode.swift; path = ImagesListViewController.swift; sourceTree = "<group>"; };
		66E660582A20E24500EFD4C7 /* Base */ = {isa = PBXFileReference; lastKnownFileType = file.storyboard; name = Base; path = Base.lproj/Main.storyboard; sourceTree = "<group>"; };
		66E6605D2A20E24600EFD4C7 /* Base */ = {isa = PBXFileReference; lastKnownFileType = file.storyboard; name = Base; path = Base.lproj/LaunchScreen.storyboard; sourceTree = "<group>"; };
		66E6605F2A20E24600EFD4C7 /* Info.plist */ = {isa = PBXFileReference; lastKnownFileType = text.plist.xml; path = Info.plist; sourceTree = "<group>"; };
/* End PBXFileReference section */

/* Begin PBXFrameworksBuildPhase section */
		660DD21E2A6D4F310064DC2A /* Frameworks */ = {
			isa = PBXFrameworksBuildPhase;
			buildActionMask = 2147483647;
			files = (
			);
			runOnlyForDeploymentPostprocessing = 0;
		};
		66E6604B2A20E24500EFD4C7 /* Frameworks */ = {
			isa = PBXFrameworksBuildPhase;
			buildActionMask = 2147483647;
			files = (
				668F83C62A5D9B0A004AA7BE /* Kingfisher in Frameworks */,
				6665DF492A584085007959FE /* ProgressHUD in Frameworks */,
				66B6F2762A602ED400667D58 /* SwiftKeychainWrapper in Frameworks */,
			);
			runOnlyForDeploymentPostprocessing = 0;
		};
/* End PBXFrameworksBuildPhase section */

/* Begin PBXGroup section */
		660DD2222A6D4F310064DC2A /* ImageFeedTests */ = {
			isa = PBXGroup;
			children = (
			);
			path = ImageFeedTests;
			sourceTree = "<group>";
		};
		66219D152A2375EC0065F7A6 /* Resources */ = {
			isa = PBXGroup;
			children = (
				66E6605C2A20E24600EFD4C7 /* LaunchScreen.storyboard */,
				66E6605F2A20E24600EFD4C7 /* Info.plist */,
				66127CD02A361605002F0F44 /* Assets.xcassets */,
				66C2ACFE2A4C7F4B00A42B5B /* Contacts.swift */,
			);
			path = Resources;
			sourceTree = "<group>";
		};
		66219D162A23769C0065F7A6 /* Presentation */ = {
			isa = PBXGroup;
			children = (
				66C2AD032A4CB4E500A42B5B /* Auth */,
				66E660572A20E24500EFD4C7 /* Main.storyboard */,
				66E660552A20E24500EFD4C7 /* ImagesListViewController.swift */,
				66127CCE2A36147D002F0F44 /* ProfileViewController.swift */,
				66219D182A237C2B0065F7A6 /* ImagesListCell.swift */,
				66472D502A3742C700466F72 /* SingleImageViewController.swift */,
				66C4CA052A52FC38003F04FB /* SplashScreenViewController.swift */,
				66B6F2772A6051ED00667D58 /* TabBarController.swift */,
			);
			path = Presentation;
			sourceTree = "<group>";
		};
		66219D172A2376B30065F7A6 /* LifeCycle */ = {
			isa = PBXGroup;
			children = (
				66E660512A20E24500EFD4C7 /* AppDelegate.swift */,
				66E660532A20E24500EFD4C7 /* SceneDelegate.swift */,
			);
			path = LifeCycle;
			sourceTree = "<group>";
		};
		66219D1A2A23A4620065F7A6 /* Helpers */ = {
			isa = PBXGroup;
			children = (
				66219D1B2A23A4730065F7A6 /* DateFormatter.swift */,
				66DBA1512A51C9B900534FF1 /* URlSession + URLRequest.swift */,
				6665DF4A2A5873E2007959FE /* UIBlockingProgressHUD.swift */,
			);
			path = Helpers;
			sourceTree = "<group>";
		};
		66AE07FB2A4DD0DA00BA9F5C /* Services */ = {
			isa = PBXGroup;
			children = (
				66B496162A6ECDC600CBA26A /* Delegate Protocols */,
				66E4A2E02A5C6CB8002129F3 /* ErrorAlertService.swift */,
				66DBA14F2A51B3A700534FF1 /* OAuth2Service.swift */,
				66DBA1532A51D4C900534FF1 /* OAuth2TokenStorage.swift */,
				66C93E742A5AE60F0096F7E9 /* ProfileService.swift */,
				66C93E782A5B12480096F7E9 /* ProfileImageService.swift */,
				66C75A342A6AB4BD00DBFF16 /* ImagesListService.swift */,
			);
			path = Services;
			sourceTree = "<group>";
		};
		66B496162A6ECDC600CBA26A /* Delegate Protocols */ = {
			isa = PBXGroup;
			children = (
				66AE07FC2A4DD10800BA9F5C /* WebViewViewControllerDelegate.swift */,
				66C4CA072A530468003F04FB /* AuthViewControllerDelegate.swift */,
				66B496172A6ECE0600CBA26A /* ImagesListCellDelegate.swift */,
			);
			path = "Delegate Protocols";
			sourceTree = "<group>";
		};
		66C2AD032A4CB4E500A42B5B /* Auth */ = {
			isa = PBXGroup;
			children = (
				66C2AD002A4C9D8100A42B5B /* AuthViewController.swift */,
				66C2AD042A4CB54C00A42B5B /* WebViewViewController.swift */,
			);
			path = Auth;
			sourceTree = "<group>";
		};
		66DBA14C2A51B09900534FF1 /* Models */ = {
			isa = PBXGroup;
			children = (
				66DBA14D2A51B0E500534FF1 /* OAuthToken.swift */,
				66C93E762A5AE9030096F7E9 /* ProfileResult.swift */,
				66C75A322A6AB49800DBFF16 /* Photo.swift */,
			);
			path = Models;
			sourceTree = "<group>";
		};
		66E660452A20E24500EFD4C7 = {
			isa = PBXGroup;
			children = (
				66E660502A20E24500EFD4C7 /* ImageFeed */,
				660DD2222A6D4F310064DC2A /* ImageFeedTests */,
				66E6604F2A20E24500EFD4C7 /* Products */,
			);
			sourceTree = "<group>";
		};
		66E6604F2A20E24500EFD4C7 /* Products */ = {
			isa = PBXGroup;
			children = (
				66E6604E2A20E24500EFD4C7 /* ImageFeed.app */,
				660DD2212A6D4F310064DC2A /* ImageFeedTests.xctest */,
			);
			name = Products;
			sourceTree = "<group>";
		};
		66E660502A20E24500EFD4C7 /* ImageFeed */ = {
			isa = PBXGroup;
			children = (
				66DBA14C2A51B09900534FF1 /* Models */,
				66AE07FB2A4DD0DA00BA9F5C /* Services */,
				66219D1A2A23A4620065F7A6 /* Helpers */,
				66219D172A2376B30065F7A6 /* LifeCycle */,
				66219D162A23769C0065F7A6 /* Presentation */,
				66219D152A2375EC0065F7A6 /* Resources */,
			);
			path = ImageFeed;
			sourceTree = "<group>";
		};
/* End PBXGroup section */

/* Begin PBXNativeTarget section */
		660DD2202A6D4F310064DC2A /* ImageFeedTests */ = {
			isa = PBXNativeTarget;
			buildConfigurationList = 660DD2292A6D4F310064DC2A /* Build configuration list for PBXNativeTarget "ImageFeedTests" */;
			buildPhases = (
				660DD21D2A6D4F310064DC2A /* Sources */,
				660DD21E2A6D4F310064DC2A /* Frameworks */,
				660DD21F2A6D4F310064DC2A /* Resources */,
			);
			buildRules = (
			);
			dependencies = (
				660DD2262A6D4F310064DC2A /* PBXTargetDependency */,
			);
			name = ImageFeedTests;
			productName = ImageFeedTests;
			productReference = 660DD2212A6D4F310064DC2A /* ImageFeedTests.xctest */;
			productType = "com.apple.product-type.bundle.unit-test";
		};
		66E6604D2A20E24500EFD4C7 /* ImageFeed */ = {
			isa = PBXNativeTarget;
			buildConfigurationList = 66E660622A20E24600EFD4C7 /* Build configuration list for PBXNativeTarget "ImageFeed" */;
			buildPhases = (
				66E6604A2A20E24500EFD4C7 /* Sources */,
				66E6604B2A20E24500EFD4C7 /* Frameworks */,
				66E6604C2A20E24500EFD4C7 /* Resources */,
			);
			buildRules = (
			);
			dependencies = (
			);
			name = ImageFeed;
			packageProductDependencies = (
				6665DF482A584085007959FE /* ProgressHUD */,
				668F83C52A5D9B0A004AA7BE /* Kingfisher */,
				66B6F2752A602ED400667D58 /* SwiftKeychainWrapper */,
			);
			productName = ImageFeed;
			productReference = 66E6604E2A20E24500EFD4C7 /* ImageFeed.app */;
			productType = "com.apple.product-type.application";
		};
/* End PBXNativeTarget section */

/* Begin PBXProject section */
		66E660462A20E24500EFD4C7 /* Project object */ = {
			isa = PBXProject;
			attributes = {
				BuildIndependentTargetsInParallel = 1;
				LastSwiftUpdateCheck = 1500;
				LastUpgradeCheck = 1500;
				TargetAttributes = {
					660DD2202A6D4F310064DC2A = {
						CreatedOnToolsVersion = 15.0;
						TestTargetID = 66E6604D2A20E24500EFD4C7;
					};
					66E6604D2A20E24500EFD4C7 = {
						CreatedOnToolsVersion = 14.3;
					};
				};
			};
			buildConfigurationList = 66E660492A20E24500EFD4C7 /* Build configuration list for PBXProject "ImageFeed" */;
			compatibilityVersion = "Xcode 14.0";
			developmentRegion = en;
			hasScannedForEncodings = 0;
			knownRegions = (
				en,
				Base,
			);
			mainGroup = 66E660452A20E24500EFD4C7;
			packageReferences = (
				6665DF472A584085007959FE /* XCRemoteSwiftPackageReference "ProgressHUD" */,
				668F83C42A5D9B0A004AA7BE /* XCRemoteSwiftPackageReference "Kingfisher" */,
				66B6F2742A602ED400667D58 /* XCRemoteSwiftPackageReference "SwiftKeychainWrapper" */,
			);
			productRefGroup = 66E6604F2A20E24500EFD4C7 /* Products */;
			projectDirPath = "";
			projectRoot = "";
			targets = (
				66E6604D2A20E24500EFD4C7 /* ImageFeed */,
				660DD2202A6D4F310064DC2A /* ImageFeedTests */,
			);
		};
/* End PBXProject section */

/* Begin PBXResourcesBuildPhase section */
		660DD21F2A6D4F310064DC2A /* Resources */ = {
			isa = PBXResourcesBuildPhase;
			buildActionMask = 2147483647;
			files = (
			);
			runOnlyForDeploymentPostprocessing = 0;
		};
		66E6604C2A20E24500EFD4C7 /* Resources */ = {
			isa = PBXResourcesBuildPhase;
			buildActionMask = 2147483647;
			files = (
				66E6605E2A20E24600EFD4C7 /* LaunchScreen.storyboard in Resources */,
				66127CD12A361605002F0F44 /* Assets.xcassets in Resources */,
				66E660592A20E24500EFD4C7 /* Main.storyboard in Resources */,
			);
			runOnlyForDeploymentPostprocessing = 0;
		};
/* End PBXResourcesBuildPhase section */

/* Begin PBXSourcesBuildPhase section */
		660DD21D2A6D4F310064DC2A /* Sources */ = {
			isa = PBXSourcesBuildPhase;
			buildActionMask = 2147483647;
			files = (
			);
			runOnlyForDeploymentPostprocessing = 0;
		};
		66E6604A2A20E24500EFD4C7 /* Sources */ = {
			isa = PBXSourcesBuildPhase;
			buildActionMask = 2147483647;
			files = (
				66C75A352A6AB4BD00DBFF16 /* ImagesListService.swift in Sources */,
				66C75A332A6AB49800DBFF16 /* Photo.swift in Sources */,
				66B496182A6ECE0600CBA26A /* ImagesListCellDelegate.swift in Sources */,
				66C2AD052A4CB54C00A42B5B /* WebViewViewController.swift in Sources */,
				66DBA1522A51C9B900534FF1 /* URlSession + URLRequest.swift in Sources */,
				66C2ACFF2A4C7F4B00A42B5B /* Contacts.swift in Sources */,
				66DBA1502A51B3A700534FF1 /* OAuth2Service.swift in Sources */,
				66127CCF2A36147D002F0F44 /* ProfileViewController.swift in Sources */,
				66B6F2782A6051ED00667D58 /* TabBarController.swift in Sources */,
				66E660562A20E24500EFD4C7 /* ImagesListViewController.swift in Sources */,
				66219D192A237C2B0065F7A6 /* ImagesListCell.swift in Sources */,
				66C4CA082A530468003F04FB /* AuthViewControllerDelegate.swift in Sources */,
				66472D512A3742C700466F72 /* SingleImageViewController.swift in Sources */,
				66E660522A20E24500EFD4C7 /* AppDelegate.swift in Sources */,
				66DBA14E2A51B0E500534FF1 /* OAuthToken.swift in Sources */,
				66C4CA062A52FC38003F04FB /* SplashScreenViewController.swift in Sources */,
				66AE07FD2A4DD10800BA9F5C /* WebViewViewControllerDelegate.swift in Sources */,
				66C93E752A5AE60F0096F7E9 /* ProfileService.swift in Sources */,
				66E660542A20E24500EFD4C7 /* SceneDelegate.swift in Sources */,
				66C93E792A5B12480096F7E9 /* ProfileImageService.swift in Sources */,
				66DBA1542A51D4C900534FF1 /* OAuth2TokenStorage.swift in Sources */,
				66E4A2E12A5C6CB8002129F3 /* ErrorAlertService.swift in Sources */,
				66C2AD012A4C9D8100A42B5B /* AuthViewController.swift in Sources */,
				66219D1C2A23A4730065F7A6 /* DateFormatter.swift in Sources */,
				66C93E772A5AE9030096F7E9 /* ProfileResult.swift in Sources */,
				6665DF4B2A5873E2007959FE /* UIBlockingProgressHUD.swift in Sources */,
			);
			runOnlyForDeploymentPostprocessing = 0;
		};
/* End PBXSourcesBuildPhase section */

/* Begin PBXTargetDependency section */
		660DD2262A6D4F310064DC2A /* PBXTargetDependency */ = {
			isa = PBXTargetDependency;
			target = 66E6604D2A20E24500EFD4C7 /* ImageFeed */;
			targetProxy = 660DD2252A6D4F310064DC2A /* PBXContainerItemProxy */;
		};
/* End PBXTargetDependency section */

/* Begin PBXVariantGroup section */
		66E660572A20E24500EFD4C7 /* Main.storyboard */ = {
			isa = PBXVariantGroup;
			children = (
				66E660582A20E24500EFD4C7 /* Base */,
			);
			name = Main.storyboard;
			sourceTree = "<group>";
		};
		66E6605C2A20E24600EFD4C7 /* LaunchScreen.storyboard */ = {
			isa = PBXVariantGroup;
			children = (
				66E6605D2A20E24600EFD4C7 /* Base */,
			);
			name = LaunchScreen.storyboard;
			sourceTree = "<group>";
		};
/* End PBXVariantGroup section */

/* Begin XCBuildConfiguration section */
		660DD2272A6D4F310064DC2A /* Debug */ = {
			isa = XCBuildConfiguration;
			buildSettings = {
				BUNDLE_LOADER = "$(TEST_HOST)";
				CODE_SIGN_STYLE = Automatic;
				CURRENT_PROJECT_VERSION = 1;
				DEVELOPMENT_TEAM = C3BZB3Q66B;
				GCC_C_LANGUAGE_STANDARD = gnu17;
				GENERATE_INFOPLIST_FILE = YES;
				IPHONEOS_DEPLOYMENT_TARGET = 17.0;
				LOCALIZATION_PREFERS_STRING_CATALOGS = YES;
				MARKETING_VERSION = 1.0;
				PRODUCT_BUNDLE_IDENTIFIER = "ru.Georgy-hook.ImageFeedTests";
				PRODUCT_NAME = "$(TARGET_NAME)";
				SWIFT_ACTIVE_COMPILATION_CONDITIONS = "DEBUG $(inherited)";
				SWIFT_EMIT_LOC_STRINGS = NO;
				SWIFT_VERSION = 5.0;
				TARGETED_DEVICE_FAMILY = "1,2";
				TEST_HOST = "$(BUILT_PRODUCTS_DIR)/ImageFeed.app/$(BUNDLE_EXECUTABLE_FOLDER_PATH)/ImageFeed";
			};
			name = Debug;
		};
		660DD2282A6D4F310064DC2A /* Release */ = {
			isa = XCBuildConfiguration;
			buildSettings = {
				BUNDLE_LOADER = "$(TEST_HOST)";
				CODE_SIGN_STYLE = Automatic;
				CURRENT_PROJECT_VERSION = 1;
				DEVELOPMENT_TEAM = C3BZB3Q66B;
				GCC_C_LANGUAGE_STANDARD = gnu17;
				GENERATE_INFOPLIST_FILE = YES;
				IPHONEOS_DEPLOYMENT_TARGET = 17.0;
				LOCALIZATION_PREFERS_STRING_CATALOGS = YES;
				MARKETING_VERSION = 1.0;
				PRODUCT_BUNDLE_IDENTIFIER = "ru.Georgy-hook.ImageFeedTests";
				PRODUCT_NAME = "$(TARGET_NAME)";
				SWIFT_EMIT_LOC_STRINGS = NO;
				SWIFT_VERSION = 5.0;
				TARGETED_DEVICE_FAMILY = "1,2";
				TEST_HOST = "$(BUILT_PRODUCTS_DIR)/ImageFeed.app/$(BUNDLE_EXECUTABLE_FOLDER_PATH)/ImageFeed";
			};
			name = Release;
		};
		66E660602A20E24600EFD4C7 /* Debug */ = {
			isa = XCBuildConfiguration;
			buildSettings = {
				ALWAYS_SEARCH_USER_PATHS = NO;
				ASSETCATALOG_COMPILER_GENERATE_SWIFT_ASSET_SYMBOL_EXTENSIONS = YES;
				CLANG_ANALYZER_NONNULL = YES;
				CLANG_ANALYZER_NUMBER_OBJECT_CONVERSION = YES_AGGRESSIVE;
				CLANG_CXX_LANGUAGE_STANDARD = "gnu++20";
				CLANG_ENABLE_MODULES = YES;
				CLANG_ENABLE_OBJC_ARC = YES;
				CLANG_ENABLE_OBJC_WEAK = YES;
				CLANG_WARN_BLOCK_CAPTURE_AUTORELEASING = YES;
				CLANG_WARN_BOOL_CONVERSION = YES;
				CLANG_WARN_COMMA = YES;
				CLANG_WARN_CONSTANT_CONVERSION = YES;
				CLANG_WARN_DEPRECATED_OBJC_IMPLEMENTATIONS = YES;
				CLANG_WARN_DIRECT_OBJC_ISA_USAGE = YES_ERROR;
				CLANG_WARN_DOCUMENTATION_COMMENTS = YES;
				CLANG_WARN_EMPTY_BODY = YES;
				CLANG_WARN_ENUM_CONVERSION = YES;
				CLANG_WARN_INFINITE_RECURSION = YES;
				CLANG_WARN_INT_CONVERSION = YES;
				CLANG_WARN_NON_LITERAL_NULL_CONVERSION = YES;
				CLANG_WARN_OBJC_IMPLICIT_RETAIN_SELF = YES;
				CLANG_WARN_OBJC_LITERAL_CONVERSION = YES;
				CLANG_WARN_OBJC_ROOT_CLASS = YES_ERROR;
				CLANG_WARN_QUOTED_INCLUDE_IN_FRAMEWORK_HEADER = YES;
				CLANG_WARN_RANGE_LOOP_ANALYSIS = YES;
				CLANG_WARN_STRICT_PROTOTYPES = YES;
				CLANG_WARN_SUSPICIOUS_MOVE = YES;
				CLANG_WARN_UNGUARDED_AVAILABILITY = YES_AGGRESSIVE;
				CLANG_WARN_UNREACHABLE_CODE = YES;
				CLANG_WARN__DUPLICATE_METHOD_MATCH = YES;
				COPY_PHASE_STRIP = NO;
				DEBUG_INFORMATION_FORMAT = dwarf;
				ENABLE_STRICT_OBJC_MSGSEND = YES;
				ENABLE_TESTABILITY = YES;
				ENABLE_USER_SCRIPT_SANDBOXING = YES;
				GCC_C_LANGUAGE_STANDARD = gnu11;
				GCC_DYNAMIC_NO_PIC = NO;
				GCC_NO_COMMON_BLOCKS = YES;
				GCC_OPTIMIZATION_LEVEL = 0;
				GCC_PREPROCESSOR_DEFINITIONS = (
					"DEBUG=1",
					"$(inherited)",
				);
				GCC_WARN_64_TO_32_BIT_CONVERSION = YES;
				GCC_WARN_ABOUT_RETURN_TYPE = YES_ERROR;
				GCC_WARN_UNDECLARED_SELECTOR = YES;
				GCC_WARN_UNINITIALIZED_AUTOS = YES_AGGRESSIVE;
				GCC_WARN_UNUSED_FUNCTION = YES;
				GCC_WARN_UNUSED_VARIABLE = YES;
				IPHONEOS_DEPLOYMENT_TARGET = 16.4;
				MTL_ENABLE_DEBUG_INFO = INCLUDE_SOURCE;
				MTL_FAST_MATH = YES;
				ONLY_ACTIVE_ARCH = YES;
				SDKROOT = iphoneos;
				SWIFT_ACTIVE_COMPILATION_CONDITIONS = DEBUG;
				SWIFT_OPTIMIZATION_LEVEL = "-Onone";
			};
			name = Debug;
		};
		66E660612A20E24600EFD4C7 /* Release */ = {
			isa = XCBuildConfiguration;
			buildSettings = {
				ALWAYS_SEARCH_USER_PATHS = NO;
				ASSETCATALOG_COMPILER_GENERATE_SWIFT_ASSET_SYMBOL_EXTENSIONS = YES;
				CLANG_ANALYZER_NONNULL = YES;
				CLANG_ANALYZER_NUMBER_OBJECT_CONVERSION = YES_AGGRESSIVE;
				CLANG_CXX_LANGUAGE_STANDARD = "gnu++20";
				CLANG_ENABLE_MODULES = YES;
				CLANG_ENABLE_OBJC_ARC = YES;
				CLANG_ENABLE_OBJC_WEAK = YES;
				CLANG_WARN_BLOCK_CAPTURE_AUTORELEASING = YES;
				CLANG_WARN_BOOL_CONVERSION = YES;
				CLANG_WARN_COMMA = YES;
				CLANG_WARN_CONSTANT_CONVERSION = YES;
				CLANG_WARN_DEPRECATED_OBJC_IMPLEMENTATIONS = YES;
				CLANG_WARN_DIRECT_OBJC_ISA_USAGE = YES_ERROR;
				CLANG_WARN_DOCUMENTATION_COMMENTS = YES;
				CLANG_WARN_EMPTY_BODY = YES;
				CLANG_WARN_ENUM_CONVERSION = YES;
				CLANG_WARN_INFINITE_RECURSION = YES;
				CLANG_WARN_INT_CONVERSION = YES;
				CLANG_WARN_NON_LITERAL_NULL_CONVERSION = YES;
				CLANG_WARN_OBJC_IMPLICIT_RETAIN_SELF = YES;
				CLANG_WARN_OBJC_LITERAL_CONVERSION = YES;
				CLANG_WARN_OBJC_ROOT_CLASS = YES_ERROR;
				CLANG_WARN_QUOTED_INCLUDE_IN_FRAMEWORK_HEADER = YES;
				CLANG_WARN_RANGE_LOOP_ANALYSIS = YES;
				CLANG_WARN_STRICT_PROTOTYPES = YES;
				CLANG_WARN_SUSPICIOUS_MOVE = YES;
				CLANG_WARN_UNGUARDED_AVAILABILITY = YES_AGGRESSIVE;
				CLANG_WARN_UNREACHABLE_CODE = YES;
				CLANG_WARN__DUPLICATE_METHOD_MATCH = YES;
				COPY_PHASE_STRIP = NO;
				DEBUG_INFORMATION_FORMAT = "dwarf-with-dsym";
				ENABLE_NS_ASSERTIONS = NO;
				ENABLE_STRICT_OBJC_MSGSEND = YES;
				ENABLE_USER_SCRIPT_SANDBOXING = YES;
				GCC_C_LANGUAGE_STANDARD = gnu11;
				GCC_NO_COMMON_BLOCKS = YES;
				GCC_WARN_64_TO_32_BIT_CONVERSION = YES;
				GCC_WARN_ABOUT_RETURN_TYPE = YES_ERROR;
				GCC_WARN_UNDECLARED_SELECTOR = YES;
				GCC_WARN_UNINITIALIZED_AUTOS = YES_AGGRESSIVE;
				GCC_WARN_UNUSED_FUNCTION = YES;
				GCC_WARN_UNUSED_VARIABLE = YES;
				IPHONEOS_DEPLOYMENT_TARGET = 16.4;
				MTL_ENABLE_DEBUG_INFO = NO;
				MTL_FAST_MATH = YES;
				SDKROOT = iphoneos;
				SWIFT_COMPILATION_MODE = wholemodule;
				SWIFT_OPTIMIZATION_LEVEL = "-O";
				VALIDATE_PRODUCT = YES;
			};
			name = Release;
		};
		66E660632A20E24600EFD4C7 /* Debug */ = {
			isa = XCBuildConfiguration;
			buildSettings = {
				ASSETCATALOG_COMPILER_APPICON_NAME = AppIcon;
				ASSETCATALOG_COMPILER_GLOBAL_ACCENT_COLOR_NAME = AccentColor;
				CODE_SIGN_STYLE = Automatic;
				CURRENT_PROJECT_VERSION = 1;
				DEVELOPMENT_TEAM = C3BZB3Q66B;
				GENERATE_INFOPLIST_FILE = YES;
				INFOPLIST_FILE = ImageFeed/Resources/Info.plist;
				INFOPLIST_KEY_UIApplicationSupportsIndirectInputEvents = YES;
				INFOPLIST_KEY_UILaunchStoryboardName = LaunchScreen;
				INFOPLIST_KEY_UIMainStoryboardFile = Main;
				INFOPLIST_KEY_UISupportedInterfaceOrientations_iPad = "UIInterfaceOrientationPortrait UIInterfaceOrientationPortraitUpsideDown UIInterfaceOrientationLandscapeLeft UIInterfaceOrientationLandscapeRight";
				INFOPLIST_KEY_UISupportedInterfaceOrientations_iPhone = UIInterfaceOrientationPortrait;
				IPHONEOS_DEPLOYMENT_TARGET = 13.0;
				LD_RUNPATH_SEARCH_PATHS = (
					"$(inherited)",
					"@executable_path/Frameworks",
				);
				MARKETING_VERSION = 1.0;
				PRODUCT_BUNDLE_IDENTIFIER = "ru.Georgy-hook.ImageFeed";
				PRODUCT_NAME = "$(TARGET_NAME)";
				SUPPORTED_PLATFORMS = "iphoneos iphonesimulator";
				SUPPORTS_MACCATALYST = NO;
				SUPPORTS_MAC_DESIGNED_FOR_IPHONE_IPAD = NO;
				SWIFT_EMIT_LOC_STRINGS = YES;
				SWIFT_VERSION = 5.0;
				TARGETED_DEVICE_FAMILY = 1;
			};
			name = Debug;
		};
		66E660642A20E24600EFD4C7 /* Release */ = {
			isa = XCBuildConfiguration;
			buildSettings = {
				ASSETCATALOG_COMPILER_APPICON_NAME = AppIcon;
				ASSETCATALOG_COMPILER_GLOBAL_ACCENT_COLOR_NAME = AccentColor;
				CODE_SIGN_STYLE = Automatic;
				CURRENT_PROJECT_VERSION = 1;
				DEVELOPMENT_TEAM = C3BZB3Q66B;
				GENERATE_INFOPLIST_FILE = YES;
				INFOPLIST_FILE = ImageFeed/Resources/Info.plist;
				INFOPLIST_KEY_UIApplicationSupportsIndirectInputEvents = YES;
				INFOPLIST_KEY_UILaunchStoryboardName = LaunchScreen;
				INFOPLIST_KEY_UIMainStoryboardFile = Main;
				INFOPLIST_KEY_UISupportedInterfaceOrientations_iPad = "UIInterfaceOrientationPortrait UIInterfaceOrientationPortraitUpsideDown UIInterfaceOrientationLandscapeLeft UIInterfaceOrientationLandscapeRight";
				INFOPLIST_KEY_UISupportedInterfaceOrientations_iPhone = UIInterfaceOrientationPortrait;
				IPHONEOS_DEPLOYMENT_TARGET = 13.0;
				LD_RUNPATH_SEARCH_PATHS = (
					"$(inherited)",
					"@executable_path/Frameworks",
				);
				MARKETING_VERSION = 1.0;
				PRODUCT_BUNDLE_IDENTIFIER = "ru.Georgy-hook.ImageFeed";
				PRODUCT_NAME = "$(TARGET_NAME)";
				SUPPORTED_PLATFORMS = "iphoneos iphonesimulator";
				SUPPORTS_MACCATALYST = NO;
				SUPPORTS_MAC_DESIGNED_FOR_IPHONE_IPAD = NO;
				SWIFT_EMIT_LOC_STRINGS = YES;
				SWIFT_VERSION = 5.0;
				TARGETED_DEVICE_FAMILY = 1;
			};
			name = Release;
		};
/* End XCBuildConfiguration section */

/* Begin XCConfigurationList section */
		660DD2292A6D4F310064DC2A /* Build configuration list for PBXNativeTarget "ImageFeedTests" */ = {
			isa = XCConfigurationList;
			buildConfigurations = (
				660DD2272A6D4F310064DC2A /* Debug */,
				660DD2282A6D4F310064DC2A /* Release */,
			);
			defaultConfigurationIsVisible = 0;
			defaultConfigurationName = Release;
		};
		66E660492A20E24500EFD4C7 /* Build configuration list for PBXProject "ImageFeed" */ = {
			isa = XCConfigurationList;
			buildConfigurations = (
				66E660602A20E24600EFD4C7 /* Debug */,
				66E660612A20E24600EFD4C7 /* Release */,
			);
			defaultConfigurationIsVisible = 0;
			defaultConfigurationName = Release;
		};
		66E660622A20E24600EFD4C7 /* Build configuration list for PBXNativeTarget "ImageFeed" */ = {
			isa = XCConfigurationList;
			buildConfigurations = (
				66E660632A20E24600EFD4C7 /* Debug */,
				66E660642A20E24600EFD4C7 /* Release */,
			);
			defaultConfigurationIsVisible = 0;
			defaultConfigurationName = Release;
		};
/* End XCConfigurationList section */

/* Begin XCRemoteSwiftPackageReference section */
		6665DF472A584085007959FE /* XCRemoteSwiftPackageReference "ProgressHUD" */ = {
			isa = XCRemoteSwiftPackageReference;
			repositoryURL = "https://github.com/relatedcode/ProgressHUD";
			requirement = {
				kind = upToNextMajorVersion;
				minimumVersion = 13.7.1;
			};
		};
		668F83C42A5D9B0A004AA7BE /* XCRemoteSwiftPackageReference "Kingfisher" */ = {
			isa = XCRemoteSwiftPackageReference;
			repositoryURL = "https://github.com/onevcat/Kingfisher";
			requirement = {
				kind = upToNextMajorVersion;
				minimumVersion = 7.8.1;
			};
		};
		66B6F2742A602ED400667D58 /* XCRemoteSwiftPackageReference "SwiftKeychainWrapper" */ = {
			isa = XCRemoteSwiftPackageReference;
			repositoryURL = "https://github.com/jrendel/SwiftKeychainWrapper";
			requirement = {
				kind = upToNextMajorVersion;
				minimumVersion = 4.0.1;
			};
		};
/* End XCRemoteSwiftPackageReference section */

/* Begin XCSwiftPackageProductDependency section */
		6665DF482A584085007959FE /* ProgressHUD */ = {
			isa = XCSwiftPackageProductDependency;
			package = 6665DF472A584085007959FE /* XCRemoteSwiftPackageReference "ProgressHUD" */;
			productName = ProgressHUD;
		};
		668F83C52A5D9B0A004AA7BE /* Kingfisher */ = {
			isa = XCSwiftPackageProductDependency;
			package = 668F83C42A5D9B0A004AA7BE /* XCRemoteSwiftPackageReference "Kingfisher" */;
			productName = Kingfisher;
		};
		66B6F2752A602ED400667D58 /* SwiftKeychainWrapper */ = {
			isa = XCSwiftPackageProductDependency;
			package = 66B6F2742A602ED400667D58 /* XCRemoteSwiftPackageReference "SwiftKeychainWrapper" */;
			productName = SwiftKeychainWrapper;
		};
/* End XCSwiftPackageProductDependency section */
	};
	rootObject = 66E660462A20E24500EFD4C7 /* Project object */;
}
